
Microsoft Visual Studio Solution File, Format Version 12.00
# Visual Studio 14
VisualStudioVersion = 14.0.25123.0
MinimumVisualStudioVersion = 10.0.40219.1
Project("{8BC9CEB8-8B4A-11D0-8D11-00A0C91BC942}") = "ReENGINE", "ReENGINE\ReENGINE.vcxproj", "{F8D4338B-0390-45D9-A3D7-84CE0E96738A}"
EndProject
Global
	GlobalSection(SolutionConfigurationPlatforms) = preSolution
		Debug|x64 = Debug|x64
		Debug|x86 = Debug|x86
		Production|x64 = Production|x64
		Production|x86 = Production|x86
		Release|x64 = Release|x64
		Release|x86 = Release|x86
	EndGlobalSection
	GlobalSection(ProjectConfigurationPlatforms) = postSolution
		{F8D4338B-0390-45D9-A3D7-84CE0E96738A}.Debug|x64.ActiveCfg = Debug|x64
		{F8D4338B-0390-45D9-A3D7-84CE0E96738A}.Debug|x64.Build.0 = Debug|x64
		{F8D4338B-0390-45D9-A3D7-84CE0E96738A}.Debug|x86.ActiveCfg = Debug|Win32
		{F8D4338B-0390-45D9-A3D7-84CE0E96738A}.Debug|x86.Build.0 = Debug|Win32
		{F8D4338B-0390-45D9-A3D7-84CE0E96738A}.Production|x64.ActiveCfg = Production|x64
		{F8D4338B-0390-45D9-A3D7-84CE0E96738A}.Production|x64.Build.0 = Production|x64
		{F8D4338B-0390-45D9-A3D7-84CE0E96738A}.Production|x86.ActiveCfg = Production|Win32
		{F8D4338B-0390-45D9-A3D7-84CE0E96738A}.Production|x86.Build.0 = Production|Win32
		{F8D4338B-0390-45D9-A3D7-84CE0E96738A}.Release|x64.ActiveCfg = Release|x64
		{F8D4338B-0390-45D9-A3D7-84CE0E96738A}.Release|x64.Build.0 = Release|x64
		{F8D4338B-0390-45D9-A3D7-84CE0E96738A}.Release|x86.ActiveCfg = Release|Win32
		{F8D4338B-0390-45D9-A3D7-84CE0E96738A}.Release|x86.Build.0 = Release|Win32
	EndGlobalSection
	GlobalSection(SolutionProperties) = preSolution
		HideSolutionNode = FALSE
	EndGlobalSection
EndGlobal
